// !$*UTF8*$!
{
	archiveVersion = 1;
	classes = {
	};
	objectVersion = 46;
	objects = {

/* Begin PBXBuildFile section */
		618D6E271EC9A8B100F135FF /* main.m in Sources */ = {isa = PBXBuildFile; fileRef = 618D6E261EC9A8B100F135FF /* main.m */; };
		618D6E2A1EC9A8B100F135FF /* AppDelegate.m in Sources */ = {isa = PBXBuildFile; fileRef = 618D6E291EC9A8B100F135FF /* AppDelegate.m */; };
		618D6E2D1EC9A8B100F135FF /* ViewController.m in Sources */ = {isa = PBXBuildFile; fileRef = 618D6E2C1EC9A8B100F135FF /* ViewController.m */; };
		618D6E301EC9A8B100F135FF /* Main.storyboard in Resources */ = {isa = PBXBuildFile; fileRef = 618D6E2E1EC9A8B100F135FF /* Main.storyboard */; };
		618D6E321EC9A8B100F135FF /* Assets.xcassets in Resources */ = {isa = PBXBuildFile; fileRef = 618D6E311EC9A8B100F135FF /* Assets.xcassets */; };
		618D6E351EC9A8B100F135FF /* LaunchScreen.storyboard in Resources */ = {isa = PBXBuildFile; fileRef = 618D6E331EC9A8B100F135FF /* LaunchScreen.storyboard */; };
		618D6E401EC9A8B200F135FF /* XIBTests.m in Sources */ = {isa = PBXBuildFile; fileRef = 618D6E3F1EC9A8B200F135FF /* XIBTests.m */; };
		618D6E4B1EC9A8B200F135FF /* XIBUITests.m in Sources */ = {isa = PBXBuildFile; fileRef = 618D6E4A1EC9A8B200F135FF /* XIBUITests.m */; };
		618D6E5B1EC9A90400F135FF /* VCRoot.m in Sources */ = {isa = PBXBuildFile; fileRef = 618D6E591EC9A90400F135FF /* VCRoot.m */; };
		618D6E5E1EC9B08800F135FF /* VCRoot.xib in Resources */ = {isa = PBXBuildFile; fileRef = 618D6E5D1EC9B08800F135FF /* VCRoot.xib */; };
/* End PBXBuildFile section */

/* Begin PBXContainerItemProxy section */
		618D6E3C1EC9A8B200F135FF /* PBXContainerItemProxy */ = {
			isa = PBXContainerItemProxy;
			containerPortal = 618D6E1A1EC9A8B100F135FF /* Project object */;
			proxyType = 1;
			remoteGlobalIDString = 618D6E211EC9A8B100F135FF;
			remoteInfo = XIB;
		};
		618D6E471EC9A8B200F135FF /* PBXContainerItemProxy */ = {
			isa = PBXContainerItemProxy;
			containerPortal = 618D6E1A1EC9A8B100F135FF /* Project object */;
			proxyType = 1;
			remoteGlobalIDString = 618D6E211EC9A8B100F135FF;
			remoteInfo = XIB;
		};
/* End PBXContainerItemProxy section */

/* Begin PBXFileReference section */
		618D6E221EC9A8B100F135FF /* XIB.app */ = {isa = PBXFileReference; explicitFileType = wrapper.application; includeInIndex = 0; path = XIB.app; sourceTree = BUILT_PRODUCTS_DIR; };
		618D6E261EC9A8B100F135FF /* main.m */ = {isa = PBXFileReference; lastKnownFileType = sourcecode.c.objc; path = main.m; sourceTree = "<group>"; };
		618D6E281EC9A8B100F135FF /* AppDelegate.h */ = {isa = PBXFileReference; lastKnownFileType = sourcecode.c.h; path = AppDelegate.h; sourceTree = "<group>"; };
		618D6E291EC9A8B100F135FF /* AppDelegate.m */ = {isa = PBXFileReference; lastKnownFileType = sourcecode.c.objc; path = AppDelegate.m; sourceTree = "<group>"; };
		618D6E2B1EC9A8B100F135FF /* ViewController.h */ = {isa = PBXFileReference; lastKnownFileType = sourcecode.c.h; path = ViewController.h; sourceTree = "<group>"; };
		618D6E2C1EC9A8B100F135FF /* ViewController.m */ = {isa = PBXFileReference; lastKnownFileType = sourcecode.c.objc; path = ViewController.m; sourceTree = "<group>"; };
		618D6E2F1EC9A8B100F135FF /* Base */ = {isa = PBXFileReference; lastKnownFileType = file.storyboard; name = Base; path = Base.lproj/Main.storyboard; sourceTree = "<group>"; };
		618D6E311EC9A8B100F135FF /* Assets.xcassets */ = {isa = PBXFileReference; lastKnownFileType = folder.assetcatalog; path = Assets.xcassets; sourceTree = "<group>"; };
		618D6E341EC9A8B100F135FF /* Base */ = {isa = PBXFileReference; lastKnownFileType = file.storyboard; name = Base; path = Base.lproj/LaunchScreen.storyboard; sourceTree = "<group>"; };
		618D6E361EC9A8B100F135FF /* Info.plist */ = {isa = PBXFileReference; lastKnownFileType = text.plist.xml; path = Info.plist; sourceTree = "<group>"; };
		618D6E3B1EC9A8B200F135FF /* XIBTests.xctest */ = {isa = PBXFileReference; explicitFileType = wrapper.cfbundle; includeInIndex = 0; path = XIBTests.xctest; sourceTree = BUILT_PRODUCTS_DIR; };
		618D6E3F1EC9A8B200F135FF /* XIBTests.m */ = {isa = PBXFileReference; lastKnownFileType = sourcecode.c.objc; path = XIBTests.m; sourceTree = "<group>"; };
		618D6E411EC9A8B200F135FF /* Info.plist */ = {isa = PBXFileReference; lastKnownFileType = text.plist.xml; path = Info.plist; sourceTree = "<group>"; };
		618D6E461EC9A8B200F135FF /* XIBUITests.xctest */ = {isa = PBXFileReference; explicitFileType = wrapper.cfbundle; includeInIndex = 0; path = XIBUITests.xctest; sourceTree = BUILT_PRODUCTS_DIR; };
		618D6E4A1EC9A8B200F135FF /* XIBUITests.m */ = {isa = PBXFileReference; lastKnownFileType = sourcecode.c.objc; path = XIBUITests.m; sourceTree = "<group>"; };
		618D6E4C1EC9A8B200F135FF /* Info.plist */ = {isa = PBXFileReference; lastKnownFileType = text.plist.xml; path = Info.plist; sourceTree = "<group>"; };
		618D6E581EC9A90400F135FF /* VCRoot.h */ = {isa = PBXFileReference; fileEncoding = 4; lastKnownFileType = sourcecode.c.h; path = VCRoot.h; sourceTree = "<group>"; };
		618D6E591EC9A90400F135FF /* VCRoot.m */ = {isa = PBXFileReference; fileEncoding = 4; lastKnownFileType = sourcecode.c.objc; path = VCRoot.m; sourceTree = "<group>"; };
		618D6E5D1EC9B08800F135FF /* VCRoot.xib */ = {isa = PBXFileReference; fileEncoding = 4; lastKnownFileType = file.xib; path = VCRoot.xib; sourceTree = "<group>"; };
/* End PBXFileReference section */

/* Begin PBXFrameworksBuildPhase section */
		618D6E1F1EC9A8B100F135FF /* Frameworks */ = {
			isa = PBXFrameworksBuildPhase;
			buildActionMask = 2147483647;
			files = (
			);
			runOnlyForDeploymentPostprocessing = 0;
		};
		618D6E381EC9A8B200F135FF /* Frameworks */ = {
			isa = PBXFrameworksBuildPhase;
			buildActionMask = 2147483647;
			files = (
			);
			runOnlyForDeploymentPostprocessing = 0;
		};
		618D6E431EC9A8B200F135FF /* Frameworks */ = {
			isa = PBXFrameworksBuildPhase;
			buildActionMask = 2147483647;
			files = (
			);
			runOnlyForDeploymentPostprocessing = 0;
		};
/* End PBXFrameworksBuildPhase section */

/* Begin PBXGroup section */
		618D6E191EC9A8B100F135FF = {
			isa = PBXGroup;
			children = (
				618D6E241EC9A8B100F135FF /* XIB */,
				618D6E3E1EC9A8B200F135FF /* XIBTests */,
				618D6E491EC9A8B200F135FF /* XIBUITests */,
				618D6E231EC9A8B100F135FF /* Products */,
			);
			sourceTree = "<group>";
		};
		618D6E231EC9A8B100F135FF /* Products */ = {
			isa = PBXGroup;
			children = (
				618D6E221EC9A8B100F135FF /* XIB.app */,
				618D6E3B1EC9A8B200F135FF /* XIBTests.xctest */,
				618D6E461EC9A8B200F135FF /* XIBUITests.xctest */,
			);
			name = Products;
			sourceTree = "<group>";
		};
		618D6E241EC9A8B100F135FF /* XIB */ = {
			isa = PBXGroup;
			children = (
				618D6E281EC9A8B100F135FF /* AppDelegate.h */,
				618D6E291EC9A8B100F135FF /* AppDelegate.m */,
				618D6E5D1EC9B08800F135FF /* VCRoot.xib */,
				618D6E2B1EC9A8B100F135FF /* ViewController.h */,
				618D6E2C1EC9A8B100F135FF /* ViewController.m */,
				618D6E2E1EC9A8B100F135FF /* Main.storyboard */,
				618D6E311EC9A8B100F135FF /* Assets.xcassets */,
				618D6E331EC9A8B100F135FF /* LaunchScreen.storyboard */,
				618D6E361EC9A8B100F135FF /* Info.plist */,
				618D6E251EC9A8B100F135FF /* Supporting Files */,
				618D6E581EC9A90400F135FF /* VCRoot.h */,
				618D6E591EC9A90400F135FF /* VCRoot.m */,
			);
			path = XIB;
			sourceTree = "<group>";
		};
		618D6E251EC9A8B100F135FF /* Supporting Files */ = {
			isa = PBXGroup;
			children = (
				618D6E261EC9A8B100F135FF /* main.m */,
			);
			name = "Supporting Files";
			sourceTree = "<group>";
		};
		618D6E3E1EC9A8B200F135FF /* XIBTests */ = {
			isa = PBXGroup;
			children = (
				618D6E3F1EC9A8B200F135FF /* XIBTests.m */,
				618D6E411EC9A8B200F135FF /* Info.plist */,
			);
			path = XIBTests;
			sourceTree = "<group>";
		};
		618D6E491EC9A8B200F135FF /* XIBUITests */ = {
			isa = PBXGroup;
			children = (
				618D6E4A1EC9A8B200F135FF /* XIBUITests.m */,
				618D6E4C1EC9A8B200F135FF /* Info.plist */,
			);
			path = XIBUITests;
			sourceTree = "<group>";
		};
/* End PBXGroup section */

/* Begin PBXNativeTarget section */
		618D6E211EC9A8B100F135FF /* XIB */ = {
			isa = PBXNativeTarget;
			buildConfigurationList = 618D6E4F1EC9A8B200F135FF /* Build configuration list for PBXNativeTarget "XIB" */;
			buildPhases = (
				618D6E1E1EC9A8B100F135FF /* Sources */,
				618D6E1F1EC9A8B100F135FF /* Frameworks */,
				618D6E201EC9A8B100F135FF /* Resources */,
			);
			buildRules = (
			);
			dependencies = (
			);
			name = XIB;
			productName = XIB;
			productReference = 618D6E221EC9A8B100F135FF /* XIB.app */;
			productType = "com.apple.product-type.application";
		};
		618D6E3A1EC9A8B200F135FF /* XIBTests */ = {
			isa = PBXNativeTarget;
			buildConfigurationList = 618D6E521EC9A8B200F135FF /* Build configuration list for PBXNativeTarget "XIBTests" */;
			buildPhases = (
				618D6E371EC9A8B200F135FF /* Sources */,
				618D6E381EC9A8B200F135FF /* Frameworks */,
				618D6E391EC9A8B200F135FF /* Resources */,
			);
			buildRules = (
			);
			dependencies = (
				618D6E3D1EC9A8B200F135FF /* PBXTargetDependency */,
			);
			name = XIBTests;
			productName = XIBTests;
			productReference = 618D6E3B1EC9A8B200F135FF /* XIBTests.xctest */;
			productType = "com.apple.product-type.bundle.unit-test";
		};
		618D6E451EC9A8B200F135FF /* XIBUITests */ = {
			isa = PBXNativeTarget;
			buildConfigurationList = 618D6E551EC9A8B200F135FF /* Build configuration list for PBXNativeTarget "XIBUITests" */;
			buildPhases = (
				618D6E421EC9A8B200F135FF /* Sources */,
				618D6E431EC9A8B200F135FF /* Frameworks */,
				618D6E441EC9A8B200F135FF /* Resources */,
			);
			buildRules = (
			);
			dependencies = (
				618D6E481EC9A8B200F135FF /* PBXTargetDependency */,
			);
			name = XIBUITests;
			productName = XIBUITests;
			productReference = 618D6E461EC9A8B200F135FF /* XIBUITests.xctest */;
			productType = "com.apple.product-type.bundle.ui-testing";
		};
/* End PBXNativeTarget section */

/* Begin PBXProject section */
		618D6E1A1EC9A8B100F135FF /* Project object */ = {
			isa = PBXProject;
			attributes = {
				LastUpgradeCheck = 0830;
				ORGANIZATIONNAME = LittleHeap;
				TargetAttributes = {
					618D6E211EC9A8B100F135FF = {
						CreatedOnToolsVersion = 8.3.2;
						DevelopmentTeam = 7ZZPZ89P96;
						ProvisioningStyle = Automatic;
					};
					618D6E3A1EC9A8B200F135FF = {
						CreatedOnToolsVersion = 8.3.2;
						DevelopmentTeam = 7ZZPZ89P96;
						ProvisioningStyle = Automatic;
						TestTargetID = 618D6E211EC9A8B100F135FF;
					};
					618D6E451EC9A8B200F135FF = {
						CreatedOnToolsVersion = 8.3.2;
						DevelopmentTeam = 7ZZPZ89P96;
						ProvisioningStyle = Automatic;
						TestTargetID = 618D6E211EC9A8B100F135FF;
					};
				};
			};
			buildConfigurationList = 618D6E1D1EC9A8B100F135FF /* Build configuration list for PBXProject "XIB" */;
			compatibilityVersion = "Xcode 3.2";
			developmentRegion = English;
			hasScannedForEncodings = 0;
			knownRegions = (
				en,
				Base,
			);
			mainGroup = 618D6E191EC9A8B100F135FF;
			productRefGroup = 618D6E231EC9A8B100F135FF /* Products */;
			projectDirPath = "";
			projectRoot = "";
			targets = (
				618D6E211EC9A8B100F135FF /* XIB */,
				618D6E3A1EC9A8B200F135FF /* XIBTests */,
				618D6E451EC9A8B200F135FF /* XIBUITests */,
			);
		};
/* End PBXProject section */

/* Begin PBXResourcesBuildPhase section */
		618D6E201EC9A8B100F135FF /* Resources */ = {
			isa = PBXResourcesBuildPhase;
			buildActionMask = 2147483647;
			files = (
				618D6E5E1EC9B08800F135FF /* VCRoot.xib in Resources */,
				618D6E351EC9A8B100F135FF /* LaunchScreen.storyboard in Resources */,
				618D6E321EC9A8B100F135FF /* Assets.xcassets in Resources */,
				618D6E301EC9A8B100F135FF /* Main.storyboard in Resources */,
			);
			runOnlyForDeploymentPostprocessing = 0;
		};
		618D6E391EC9A8B200F135FF /* Resources */ = {
			isa = PBXResourcesBuildPhase;
			buildActionMask = 2147483647;
			files = (
			);
			runOnlyForDeploymentPostprocessing = 0;
		};
		618D6E441EC9A8B200F135FF /* Resources */ = {
			isa = PBXResourcesBuildPhase;
			buildActionMask = 2147483647;
			files = (
			);
			runOnlyForDeploymentPostprocessing = 0;
		};
/* End PBXResourcesBuildPhase section */

/* Begin PBXSourcesBuildPhase section */
		618D6E1E1EC9A8B100F135FF /* Sources */ = {
			isa = PBXSourcesBuildPhase;
			buildActionMask = 2147483647;
			files = (
				618D6E5B1EC9A90400F135FF /* VCRoot.m in Sources */,
				618D6E2D1EC9A8B100F135FF /* ViewController.m in Sources */,
				618D6E2A1EC9A8B100F135FF /* AppDelegate.m in Sources */,
				618D6E271EC9A8B100F135FF /* main.m in Sources */,
			);
			runOnlyForDeploymentPostprocessing = 0;
		};
		618D6E371EC9A8B200F135FF /* Sources */ = {
			isa = PBXSourcesBuildPhase;
			buildActionMask = 2147483647;
			files = (
				618D6E401EC9A8B200F135FF /* XIBTests.m in Sources */,
			);
			runOnlyForDeploymentPostprocessing = 0;
		};
		618D6E421EC9A8B200F135FF /* Sources */ = {
			isa = PBXSourcesBuildPhase;
			buildActionMask = 2147483647;
			files = (
				618D6E4B1EC9A8B200F135FF /* XIBUITests.m in Sources */,
			);
			runOnlyForDeploymentPostprocessing = 0;
		};
/* End PBXSourcesBuildPhase section */

/* Begin PBXTargetDependency section */
		618D6E3D1EC9A8B200F135FF /* PBXTargetDependency */ = {
			isa = PBXTargetDependency;
			target = 618D6E211EC9A8B100F135FF /* XIB */;
			targetProxy = 618D6E3C1EC9A8B200F135FF /* PBXContainerItemProxy */;
		};
		618D6E481EC9A8B200F135FF /* PBXTargetDependency */ = {
			isa = PBXTargetDependency;
			target = 618D6E211EC9A8B100F135FF /* XIB */;
			targetProxy = 618D6E471EC9A8B200F135FF /* PBXContainerItemProxy */;
		};
/* End PBXTargetDependency section */

/* Begin PBXVariantGroup section */
		618D6E2E1EC9A8B100F135FF /* Main.storyboard */ = {
			isa = PBXVariantGroup;
			children = (
				618D6E2F1EC9A8B100F135FF /* Base */,
			);
			name = Main.storyboard;
			sourceTree = "<group>";
		};
		618D6E331EC9A8B100F135FF /* LaunchScreen.storyboard */ = {
			isa = PBXVariantGroup;
			children = (
				618D6E341EC9A8B100F135FF /* Base */,
			);
			name = LaunchScreen.storyboard;
			sourceTree = "<group>";
		};
/* End PBXVariantGroup section */

/* Begin XCBuildConfiguration section */
		618D6E4D1EC9A8B200F135FF /* Debug */ = {
			isa = XCBuildConfiguration;
			buildSettings = {
				ALWAYS_SEARCH_USER_PATHS = NO;
				CLANG_ANALYZER_NONNULL = YES;
				CLANG_ANALYZER_NUMBER_OBJECT_CONVERSION = YES_AGGRESSIVE;
				CLANG_CXX_LANGUAGE_STANDARD = "gnu++0x";
				CLANG_CXX_LIBRARY = "libc++";
				CLANG_ENABLE_MODULES = YES;
				CLANG_ENABLE_OBJC_ARC = YES;
				CLANG_WARN_BOOL_CONVERSION = YES;
				CLANG_WARN_CONSTANT_CONVERSION = YES;
				CLANG_WARN_DIRECT_OBJC_ISA_USAGE = YES_ERROR;
				CLANG_WARN_DOCUMENTATION_COMMENTS = YES;
				CLANG_WARN_EMPTY_BODY = YES;
				CLANG_WARN_ENUM_CONVERSION = YES;
				CLANG_WARN_INFINITE_RECURSION = YES;
				CLANG_WARN_INT_CONVERSION = YES;
				CLANG_WARN_OBJC_ROOT_CLASS = YES_ERROR;
				CLANG_WARN_SUSPICIOUS_MOVE = YES;
				CLANG_WARN_UNREACHABLE_CODE = YES;
				CLANG_WARN__DUPLICATE_METHOD_MATCH = YES;
				"CODE_SIGN_IDENTITY[sdk=iphoneos*]" = "iPhone Developer";
				COPY_PHASE_STRIP = NO;
				DEBUG_INFORMATION_FORMAT = dwarf;
				ENABLE_STRICT_OBJC_MSGSEND = YES;
				ENABLE_TESTABILITY = YES;
				GCC_C_LANGUAGE_STANDARD = gnu99;
				GCC_DYNAMIC_NO_PIC = NO;
				GCC_NO_COMMON_BLOCKS = YES;
				GCC_OPTIMIZATION_LEVEL = 0;
				GCC_PREPROCESSOR_DEFINITIONS = (
					"DEBUG=1",
					"$(inherited)",
				);
				GCC_WARN_64_TO_32_BIT_CONVERSION = YES;
				GCC_WARN_ABOUT_RETURN_TYPE = YES_ERROR;
				GCC_WARN_UNDECLARED_SELECTOR = YES;
				GCC_WARN_UNINITIALIZED_AUTOS = YES_AGGRESSIVE;
				GCC_WARN_UNUSED_FUNCTION = YES;
				GCC_WARN_UNUSED_VARIABLE = YES;
				IPHONEOS_DEPLOYMENT_TARGET = 10.3;
				MTL_ENABLE_DEBUG_INFO = YES;
				ONLY_ACTIVE_ARCH = YES;
				SDKROOT = iphoneos;
			};
			name = Debug;
		};
		618D6E4E1EC9A8B200F135FF /* Release */ = {
			isa = XCBuildConfiguration;
			buildSettings = {
				ALWAYS_SEARCH_USER_PATHS = NO;
				CLANG_ANALYZER_NONNULL = YES;
				CLANG_ANALYZER_NUMBER_OBJECT_CONVERSION = YES_AGGRESSIVE;
				CLANG_CXX_LANGUAGE_STANDARD = "gnu++0x";
				CLANG_CXX_LIBRARY = "libc++";
				CLANG_ENABLE_MODULES = YES;
				CLANG_ENABLE_OBJC_ARC = YES;
				CLANG_WARN_BOOL_CONVERSION = YES;
				CLANG_WARN_CONSTANT_CONVERSION = YES;
				CLANG_WARN_DIRECT_OBJC_ISA_USAGE = YES_ERROR;
				CLANG_WARN_DOCUMENTATION_COMMENTS = YES;
				CLANG_WARN_EMPTY_BODY = YES;
				CLANG_WARN_ENUM_CONVERSION = YES;
				CLANG_WARN_INFINITE_RECURSION = YES;
				CLANG_WARN_INT_CONVERSION = YES;
				CLANG_WARN_OBJC_ROOT_CLASS = YES_ERROR;
				CLANG_WARN_SUSPICIOUS_MOVE = YES;
				CLANG_WARN_UNREACHABLE_CODE = YES;
				CLANG_WARN__DUPLICATE_METHOD_MATCH = YES;
				"CODE_SIGN_IDENTITY[sdk=iphoneos*]" = "iPhone Developer";
				COPY_PHASE_STRIP = NO;
				DEBUG_INFORMATION_FORMAT = "dwarf-with-dsym";
				ENABLE_NS_ASSERTIONS = NO;
				ENABLE_STRICT_OBJC_MSGSEND = YES;
				GCC_C_LANGUAGE_STANDARD = gnu99;
				GCC_NO_COMMON_BLOCKS = YES;
				GCC_WARN_64_TO_32_BIT_CONVERSION = YES;
				GCC_WARN_ABOUT_RETURN_TYPE = YES_ERROR;
				GCC_WARN_UNDECLARED_SELECTOR = YES;
				GCC_WARN_UNINITIALIZED_AUTOS = YES_AGGRESSIVE;
				GCC_WARN_UNUSED_FUNCTION = YES;
				GCC_WARN_UNUSED_VARIABLE = YES;
				IPHONEOS_DEPLOYMENT_TARGET = 10.3;
				MTL_ENABLE_DEBUG_INFO = NO;
				SDKROOT = iphoneos;
				VALIDATE_PRODUCT = YES;
			};
			name = Release;
		};
		618D6E501EC9A8B200F135FF /* Debug */ = {
			isa = XCBuildConfiguration;
			buildSettings = {
				ASSETCATALOG_COMPILER_APPICON_NAME = AppIcon;
				DEVELOPMENT_TEAM = 7ZZPZ89P96;
				INFOPLIST_FILE = XIB/Info.plist;
				LD_RUNPATH_SEARCH_PATHS = "$(inherited) @executable_path/Frameworks";
				PRODUCT_BUNDLE_IDENTIFIER = com.littleheap.XIB;
				PRODUCT_NAME = "$(TARGET_NAME)";
			};
			name = Debug;
		};
		618D6E511EC9A8B200F135FF /* Release */ = {
			isa = XCBuildConfiguration;
			buildSettings = {
				ASSETCATALOG_COMPILER_APPICON_NAME = AppIcon;
				DEVELOPMENT_TEAM = 7ZZPZ89P96;
				INFOPLIST_FILE = XIB/Info.plist;
				LD_RUNPATH_SEARCH_PATHS = "$(inherited) @executable_path/Frameworks";
				PRODUCT_BUNDLE_IDENTIFIER = com.littleheap.XIB;
				PRODUCT_NAME = "$(TARGET_NAME)";
			};
			name = Release;
		};
		618D6E531EC9A8B200F135FF /* Debug */ = {
			isa = XCBuildConfiguration;
			buildSettings = {
				BUNDLE_LOADER = "$(TEST_HOST)";
				DEVELOPMENT_TEAM = 7ZZPZ89P96;
				INFOPLIST_FILE = XIBTests/Info.plist;
				LD_RUNPATH_SEARCH_PATHS = "$(inherited) @executable_path/Frameworks @loader_path/Frameworks";
				PRODUCT_BUNDLE_IDENTIFIER = com.littleheap.XIBTests;
				PRODUCT_NAME = "$(TARGET_NAME)";
				TEST_HOST = "$(BUILT_PRODUCTS_DIR)/XIB.app/XIB";
			};
			name = Debug;
		};
		618D6E541EC9A8B200F135FF /* Release */ = {
			isa = XCBuildConfiguration;
			buildSettings = {
				BUNDLE_LOADER = "$(TEST_HOST)";
				DEVELOPMENT_TEAM = 7ZZPZ89P96;
				INFOPLIST_FILE = XIBTests/Info.plist;
				LD_RUNPATH_SEARCH_PATHS = "$(inherited) @executable_path/Frameworks @loader_path/Frameworks";
				PRODUCT_BUNDLE_IDENTIFIER = com.littleheap.XIBTests;
				PRODUCT_NAME = "$(TARGET_NAME)";
				TEST_HOST = "$(BUILT_PRODUCTS_DIR)/XIB.app/XIB";
			};
			name = Release;
		};
		618D6E561EC9A8B200F135FF /* Debug */ = {
			isa = XCBuildConfiguration;
			buildSettings = {
				DEVELOPMENT_TEAM = 7ZZPZ89P96;
				INFOPLIST_FILE = XIBUITests/Info.plist;
				LD_RUNPATH_SEARCH_PATHS = "$(inherited) @executable_path/Frameworks @loader_path/Frameworks";
				PRODUCT_BUNDLE_IDENTIFIER = com.littleheap.XIBUITests;
				PRODUCT_NAME = "$(TARGET_NAME)";
				TEST_TARGET_NAME = XIB;
			};
			name = Debug;
		};
		618D6E571EC9A8B200F135FF /* Release */ = {
			isa = XCBuildConfiguration;
			buildSettings = {
				DEVELOPMENT_TEAM = 7ZZPZ89P96;
				INFOPLIST_FILE = XIBUITests/Info.plist;
				LD_RUNPATH_SEARCH_PATHS = "$(inherited) @executable_path/Frameworks @loader_path/Frameworks";
				PRODUCT_BUNDLE_IDENTIFIER = com.littleheap.XIBUITests;
				PRODUCT_NAME = "$(TARGET_NAME)";
				TEST_TARGET_NAME = XIB;
			};
			name = Release;
		};
/* End XCBuildConfiguration section */

/* Begin XCConfigurationList section */
		618D6E1D1EC9A8B100F135FF /* Build configuration list for PBXProject "XIB" */ = {
			isa = XCConfigurationList;
			buildConfigurations = (
				618D6E4D1EC9A8B200F135FF /* Debug */,
				618D6E4E1EC9A8B200F135FF /* Release */,
			);
			defaultConfigurationIsVisible = 0;
			defaultConfigurationName = Release;
		};
		618D6E4F1EC9A8B200F135FF /* Build configuration list for PBXNativeTarget "XIB" */ = {
			isa = XCConfigurationList;
			buildConfigurations = (
				618D6E501EC9A8B200F135FF /* Debug */,
				618D6E511EC9A8B200F135FF /* Release */,
			);
			defaultConfigurationIsVisible = 0;
		};
		618D6E521EC9A8B200F135FF /* Build configuration list for PBXNativeTarget "XIBTests" */ = {
			isa = XCConfigurationList;
			buildConfigurations = (
				618D6E531EC9A8B200F135FF /* Debug */,
				618D6E541EC9A8B200F135FF /* Release */,
			);
			defaultConfigurationIsVisible = 0;
		};
		618D6E551EC9A8B200F135FF /* Build configuration list for PBXNativeTarget "XIBUITests" */ = {
			isa = XCConfigurationList;
			buildConfigurations = (
				618D6E561EC9A8B200F135FF /* Debug */,
				618D6E571EC9A8B200F135FF /* Release */,
			);
			defaultConfigurationIsVisible = 0;
		};
/* End XCConfigurationList section */
	};
	rootObject = 618D6E1A1EC9A8B100F135FF /* Project object */;
}
